
Microsoft Visual Studio Solution File, Format Version 12.00
# Visual Studio Version 16
VisualStudioVersion = 16.0.29926.136
MinimumVisualStudioVersion = 10.0.40219.1
Project("{2150E333-8FDC-42A3-9474-1A3956D46DE8}") = "TaxaJuros", "TaxaJuros", "{CB9D2498-351D-4924-BDB1-59682F0DC9B5}"
EndProject
Project("{2150E333-8FDC-42A3-9474-1A3956D46DE8}") = "CalculaJuros", "CalculaJuros", "{B3554D83-B2A2-4708-8838-73D0B562745E}"
EndProject
Project("{2150E333-8FDC-42A3-9474-1A3956D46DE8}") = "Test", "Test", "{DF29CAC7-4330-442A-8B37-6F3E54CAFC33}"
EndProject
Project("{2150E333-8FDC-42A3-9474-1A3956D46DE8}") = "Test", "Test", "{8CB29700-4D76-41CB-817F-A27C2604F086}"
EndProject
Project("{9A19103F-16F7-4668-BE54-9A1E7A4F7556}") = "TaxaJuros.FunctionalTest", "TaxaJuros\TaxaJuros.FunctionalTest\TaxaJuros.FunctionalTest.csproj", "{68A61A41-7A53-4B1C-8E9D-F8923871DCFE}"
EndProject
Project("{9A19103F-16F7-4668-BE54-9A1E7A4F7556}") = "TaxaJuros.IntegrationTest", "TaxaJuros\TaxaJuros.IntegrationTest\TaxaJuros.IntegrationTest.csproj", "{853DB092-8576-4EC3-B457-C52DA3C10EBA}"
EndProject
Project("{9A19103F-16F7-4668-BE54-9A1E7A4F7556}") = "TaxaJuros.UnitTest", "TaxaJuros\TaxaJuros.UnitTest\TaxaJuros.UnitTest.csproj", "{DD64D1FB-3EE1-41F0-A842-EEC4F15C131F}"
EndProject
Project("{9A19103F-16F7-4668-BE54-9A1E7A4F7556}") = "TaxaJuros.Api", "TaxaJuros\TaxaJuros.Api\TaxaJuros.Api.csproj", "{C1DB62B3-2D45-4C77-A23C-BDE03A6B1900}"
EndProject
Project("{9A19103F-16F7-4668-BE54-9A1E7A4F7556}") = "CalculaJuros.FunctionalTest", "CalculaJuros\CalculaJuros.FunctionalTest\CalculaJuros.FunctionalTest.csproj", "{CF7EB8EE-F3CB-4749-AEF9-D9BFD0D249D0}"
EndProject
Project("{9A19103F-16F7-4668-BE54-9A1E7A4F7556}") = "CalculaJuros.IntegrationTest", "CalculaJuros\CalculaJuros.IntegrationTest\CalculaJuros.IntegrationTest.csproj", "{F8585EA7-2072-418F-8870-D0F8A4A6F4ED}"
EndProject
Project("{9A19103F-16F7-4668-BE54-9A1E7A4F7556}") = "CalculaJuros.UnitTest", "CalculaJuros\CalculaJuros.UnitTest\CalculaJuros.UnitTest.csproj", "{664BF84D-71E7-47CA-A6B1-9B4D3E335A07}"
EndProject
Project("{9A19103F-16F7-4668-BE54-9A1E7A4F7556}") = "CalculaJuros.Api", "CalculaJuros\CalculaJuros.Api\CalculaJuros.Api.csproj", "{2432C357-D953-4D5C-AEEA-6554CBAC5664}"
EndProject
Global
	GlobalSection(SolutionConfigurationPlatforms) = preSolution
		Debug|Any CPU = Debug|Any CPU
		Release|Any CPU = Release|Any CPU
	EndGlobalSection
	GlobalSection(ProjectConfigurationPlatforms) = postSolution
		{68A61A41-7A53-4B1C-8E9D-F8923871DCFE}.Debug|Any CPU.ActiveCfg = Debug|Any CPU
		{68A61A41-7A53-4B1C-8E9D-F8923871DCFE}.Debug|Any CPU.Build.0 = Debug|Any CPU
		{68A61A41-7A53-4B1C-8E9D-F8923871DCFE}.Release|Any CPU.ActiveCfg = Release|Any CPU
		{68A61A41-7A53-4B1C-8E9D-F8923871DCFE}.Release|Any CPU.Build.0 = Release|Any CPU
		{853DB092-8576-4EC3-B457-C52DA3C10EBA}.Debug|Any CPU.ActiveCfg = Debug|Any CPU
		{853DB092-8576-4EC3-B457-C52DA3C10EBA}.Debug|Any CPU.Build.0 = Debug|Any CPU
		{853DB092-8576-4EC3-B457-C52DA3C10EBA}.Release|Any CPU.ActiveCfg = Release|Any CPU
		{853DB092-8576-4EC3-B457-C52DA3C10EBA}.Release|Any CPU.Build.0 = Release|Any CPU
		{DD64D1FB-3EE1-41F0-A842-EEC4F15C131F}.Debug|Any CPU.ActiveCfg = Debug|Any CPU
		{DD64D1FB-3EE1-41F0-A842-EEC4F15C131F}.Debug|Any CPU.Build.0 = Debug|Any CPU
		{DD64D1FB-3EE1-41F0-A842-EEC4F15C131F}.Release|Any CPU.ActiveCfg = Release|Any CPU
		{DD64D1FB-3EE1-41F0-A842-EEC4F15C131F}.Release|Any CPU.Build.0 = Release|Any CPU
		{C1DB62B3-2D45-4C77-A23C-BDE03A6B1900}.Debug|Any CPU.ActiveCfg = Debug|Any CPU
		{C1DB62B3-2D45-4C77-A23C-BDE03A6B1900}.Debug|Any CPU.Build.0 = Debug|Any CPU
		{C1DB62B3-2D45-4C77-A23C-BDE03A6B1900}.Release|Any CPU.ActiveCfg = Release|Any CPU
		{C1DB62B3-2D45-4C77-A23C-BDE03A6B1900}.Release|Any CPU.Build.0 = Release|Any CPU
		{CF7EB8EE-F3CB-4749-AEF9-D9BFD0D249D0}.Debug|Any CPU.ActiveCfg = Debug|Any CPU
		{CF7EB8EE-F3CB-4749-AEF9-D9BFD0D249D0}.Debug|Any CPU.Build.0 = Debug|Any CPU
		{CF7EB8EE-F3CB-4749-AEF9-D9BFD0D249D0}.Release|Any CPU.ActiveCfg = Release|Any CPU
		{CF7EB8EE-F3CB-4749-AEF9-D9BFD0D249D0}.Release|Any CPU.Build.0 = Release|Any CPU
		{F8585EA7-2072-418F-8870-D0F8A4A6F4ED}.Debug|Any CPU.ActiveCfg = Debug|Any CPU
		{F8585EA7-2072-418F-8870-D0F8A4A6F4ED}.Debug|Any CPU.Build.0 = Debug|Any CPU
		{F8585EA7-2072-418F-8870-D0F8A4A6F4ED}.Release|Any CPU.ActiveCfg = Release|Any CPU
		{F8585EA7-2072-418F-8870-D0F8A4A6F4ED}.Release|Any CPU.Build.0 = Release|Any CPU
		{664BF84D-71E7-47CA-A6B1-9B4D3E335A07}.Debug|Any CPU.ActiveCfg = Debug|Any CPU
		{664BF84D-71E7-47CA-A6B1-9B4D3E335A07}.Debug|Any CPU.Build.0 = Debug|Any CPU
		{664BF84D-71E7-47CA-A6B1-9B4D3E335A07}.Release|Any CPU.ActiveCfg = Release|Any CPU
		{664BF84D-71E7-47CA-A6B1-9B4D3E335A07}.Release|Any CPU.Build.0 = Release|Any CPU
		{2432C357-D953-4D5C-AEEA-6554CBAC5664}.Debug|Any CPU.ActiveCfg = Debug|Any CPU
		{2432C357-D953-4D5C-AEEA-6554CBAC5664}.Debug|Any CPU.Build.0 = Debug|Any CPU
		{2432C357-D953-4D5C-AEEA-6554CBAC5664}.Release|Any CPU.ActiveCfg = Release|Any CPU
		{2432C357-D953-4D5C-AEEA-6554CBAC5664}.Release|Any CPU.Build.0 = Release|Any CPU
	EndGlobalSection
	GlobalSection(SolutionProperties) = preSolution
		HideSolutionNode = FALSE
	EndGlobalSection
	GlobalSection(NestedProjects) = preSolution
		{DF29CAC7-4330-442A-8B37-6F3E54CAFC33} = {B3554D83-B2A2-4708-8838-73D0B562745E}
		{8CB29700-4D76-41CB-817F-A27C2604F086} = {CB9D2498-351D-4924-BDB1-59682F0DC9B5}
		{68A61A41-7A53-4B1C-8E9D-F8923871DCFE} = {8CB29700-4D76-41CB-817F-A27C2604F086}
		{853DB092-8576-4EC3-B457-C52DA3C10EBA} = {8CB29700-4D76-41CB-817F-A27C2604F086}
		{DD64D1FB-3EE1-41F0-A842-EEC4F15C131F} = {8CB29700-4D76-41CB-817F-A27C2604F086}
		{C1DB62B3-2D45-4C77-A23C-BDE03A6B1900} = {CB9D2498-351D-4924-BDB1-59682F0DC9B5}
		{CF7EB8EE-F3CB-4749-AEF9-D9BFD0D249D0} = {DF29CAC7-4330-442A-8B37-6F3E54CAFC33}
		{F8585EA7-2072-418F-8870-D0F8A4A6F4ED} = {DF29CAC7-4330-442A-8B37-6F3E54CAFC33}
		{664BF84D-71E7-47CA-A6B1-9B4D3E335A07} = {DF29CAC7-4330-442A-8B37-6F3E54CAFC33}
		{2432C357-D953-4D5C-AEEA-6554CBAC5664} = {B3554D83-B2A2-4708-8838-73D0B562745E}
	EndGlobalSection
	GlobalSection(ExtensibilityGlobals) = postSolution
		SolutionGuid = {B7B7E014-995C-495C-9057-C5AD746DD013}
	EndGlobalSection
EndGlobal
