
Microsoft Visual Studio Solution File, Format Version 12.00
# Visual Studio Version 16
VisualStudioVersion = 16.0.29926.136
MinimumVisualStudioVersion = 10.0.40219.1
Project("{2150E333-8FDC-42A3-9474-1A3956D46DE8}") = "TaxaJuros", "TaxaJuros", "{CB9D2498-351D-4924-BDB1-59682F0DC9B5}"
EndProject
Project("{2150E333-8FDC-42A3-9474-1A3956D46DE8}") = "CalculaJuros", "CalculaJuros", "{B3554D83-B2A2-4708-8838-73D0B562745E}"
EndProject
Project("{2150E333-8FDC-42A3-9474-1A3956D46DE8}") = "Test", "Test", "{DF29CAC7-4330-442A-8B37-6F3E54CAFC33}"
EndProject
Project("{2150E333-8FDC-42A3-9474-1A3956D46DE8}") = "Test", "Test", "{8CB29700-4D76-41CB-817F-A27C2604F086}"
EndProject
Project("{2150E333-8FDC-42A3-9474-1A3956D46DE8}") = "ShowMeTheCode", "ShowMeTheCode", "{55B3E4F2-6E23-4DBB-84E3-0630E32FFDBA}"
EndProject
Project("{9A19103F-16F7-4668-BE54-9A1E7A4F7556}") = "CalculaJuros.FunctionalTest", "CalculaJuros.FunctionalTest\CalculaJuros.FunctionalTest.csproj", "{B87E209D-D9B8-49C8-8201-D6BD4C20D67D}"
EndProject
Project("{9A19103F-16F7-4668-BE54-9A1E7A4F7556}") = "CalculaJuros.IntegrationTest", "CalculaJuros.IntegrationTest\CalculaJuros.IntegrationTest.csproj", "{C7C09516-9035-4C01-8262-EC09F293E18F}"
EndProject
Project("{9A19103F-16F7-4668-BE54-9A1E7A4F7556}") = "CalculaJuros.UnitTest", "CalculaJuros.UnitTest\CalculaJuros.UnitTest.csproj", "{8A7F3EF4-01B1-497E-A52A-F5405F8D451A}"
EndProject
Project("{9A19103F-16F7-4668-BE54-9A1E7A4F7556}") = "CalculaJuros.Api", "CalculaJuros.Api\CalculaJuros.Api.csproj", "{7C0F2013-05F7-48DF-9644-03A913208F94}"
EndProject
Project("{9A19103F-16F7-4668-BE54-9A1E7A4F7556}") = "TaxaJuros.FunctionalTest", "TaxaJuros.FunctionalTest\TaxaJuros.FunctionalTest.csproj", "{38AB0228-2AB3-4E38-A20B-0B14AF9A3CBF}"
EndProject
Project("{9A19103F-16F7-4668-BE54-9A1E7A4F7556}") = "TaxaJuros.IntegrationTest", "TaxaJuros.IntegrationTest\TaxaJuros.IntegrationTest.csproj", "{9A432AA6-B310-4758-AF0C-7DDF33F4CA70}"
EndProject
Project("{9A19103F-16F7-4668-BE54-9A1E7A4F7556}") = "TaxaJuros.UnitTest", "TaxaJuros.UnitTest\TaxaJuros.UnitTest.csproj", "{27258B7D-C641-4FC5-B2A5-02F8D582D7D2}"
EndProject
Project("{9A19103F-16F7-4668-BE54-9A1E7A4F7556}") = "TaxaJuros.Api", "TaxaJuros.Api\TaxaJuros.Api.csproj", "{98F44E25-1841-4027-A3EC-1B81A2DD0FA7}"
EndProject
Project("{9A19103F-16F7-4668-BE54-9A1E7A4F7556}") = "ShowMeTheCode.Api", "ShowMeTheCode.Api\ShowMeTheCode.Api.csproj", "{BA2CE087-C525-4C4C-B7B7-0E3D0E8D83EF}"
EndProject
Global
	GlobalSection(SolutionConfigurationPlatforms) = preSolution
		Debug|Any CPU = Debug|Any CPU
		Release|Any CPU = Release|Any CPU
	EndGlobalSection
	GlobalSection(ProjectConfigurationPlatforms) = postSolution
		{B87E209D-D9B8-49C8-8201-D6BD4C20D67D}.Debug|Any CPU.ActiveCfg = Debug|Any CPU
		{B87E209D-D9B8-49C8-8201-D6BD4C20D67D}.Debug|Any CPU.Build.0 = Debug|Any CPU
		{B87E209D-D9B8-49C8-8201-D6BD4C20D67D}.Release|Any CPU.ActiveCfg = Release|Any CPU
		{B87E209D-D9B8-49C8-8201-D6BD4C20D67D}.Release|Any CPU.Build.0 = Release|Any CPU
		{C7C09516-9035-4C01-8262-EC09F293E18F}.Debug|Any CPU.ActiveCfg = Debug|Any CPU
		{C7C09516-9035-4C01-8262-EC09F293E18F}.Debug|Any CPU.Build.0 = Debug|Any CPU
		{C7C09516-9035-4C01-8262-EC09F293E18F}.Release|Any CPU.ActiveCfg = Release|Any CPU
		{C7C09516-9035-4C01-8262-EC09F293E18F}.Release|Any CPU.Build.0 = Release|Any CPU
		{8A7F3EF4-01B1-497E-A52A-F5405F8D451A}.Debug|Any CPU.ActiveCfg = Debug|Any CPU
		{8A7F3EF4-01B1-497E-A52A-F5405F8D451A}.Debug|Any CPU.Build.0 = Debug|Any CPU
		{8A7F3EF4-01B1-497E-A52A-F5405F8D451A}.Release|Any CPU.ActiveCfg = Release|Any CPU
		{8A7F3EF4-01B1-497E-A52A-F5405F8D451A}.Release|Any CPU.Build.0 = Release|Any CPU
		{7C0F2013-05F7-48DF-9644-03A913208F94}.Debug|Any CPU.ActiveCfg = Debug|Any CPU
		{7C0F2013-05F7-48DF-9644-03A913208F94}.Debug|Any CPU.Build.0 = Debug|Any CPU
		{7C0F2013-05F7-48DF-9644-03A913208F94}.Release|Any CPU.ActiveCfg = Release|Any CPU
		{7C0F2013-05F7-48DF-9644-03A913208F94}.Release|Any CPU.Build.0 = Release|Any CPU
		{38AB0228-2AB3-4E38-A20B-0B14AF9A3CBF}.Debug|Any CPU.ActiveCfg = Debug|Any CPU
		{38AB0228-2AB3-4E38-A20B-0B14AF9A3CBF}.Debug|Any CPU.Build.0 = Debug|Any CPU
		{38AB0228-2AB3-4E38-A20B-0B14AF9A3CBF}.Release|Any CPU.ActiveCfg = Release|Any CPU
		{38AB0228-2AB3-4E38-A20B-0B14AF9A3CBF}.Release|Any CPU.Build.0 = Release|Any CPU
		{9A432AA6-B310-4758-AF0C-7DDF33F4CA70}.Debug|Any CPU.ActiveCfg = Debug|Any CPU
		{9A432AA6-B310-4758-AF0C-7DDF33F4CA70}.Debug|Any CPU.Build.0 = Debug|Any CPU
		{9A432AA6-B310-4758-AF0C-7DDF33F4CA70}.Release|Any CPU.ActiveCfg = Release|Any CPU
		{9A432AA6-B310-4758-AF0C-7DDF33F4CA70}.Release|Any CPU.Build.0 = Release|Any CPU
		{27258B7D-C641-4FC5-B2A5-02F8D582D7D2}.Debug|Any CPU.ActiveCfg = Debug|Any CPU
		{27258B7D-C641-4FC5-B2A5-02F8D582D7D2}.Debug|Any CPU.Build.0 = Debug|Any CPU
		{27258B7D-C641-4FC5-B2A5-02F8D582D7D2}.Release|Any CPU.ActiveCfg = Release|Any CPU
		{27258B7D-C641-4FC5-B2A5-02F8D582D7D2}.Release|Any CPU.Build.0 = Release|Any CPU
		{98F44E25-1841-4027-A3EC-1B81A2DD0FA7}.Debug|Any CPU.ActiveCfg = Debug|Any CPU
		{98F44E25-1841-4027-A3EC-1B81A2DD0FA7}.Debug|Any CPU.Build.0 = Debug|Any CPU
		{98F44E25-1841-4027-A3EC-1B81A2DD0FA7}.Release|Any CPU.ActiveCfg = Release|Any CPU
		{98F44E25-1841-4027-A3EC-1B81A2DD0FA7}.Release|Any CPU.Build.0 = Release|Any CPU
		{BA2CE087-C525-4C4C-B7B7-0E3D0E8D83EF}.Debug|Any CPU.ActiveCfg = Debug|Any CPU
		{BA2CE087-C525-4C4C-B7B7-0E3D0E8D83EF}.Debug|Any CPU.Build.0 = Debug|Any CPU
		{BA2CE087-C525-4C4C-B7B7-0E3D0E8D83EF}.Release|Any CPU.ActiveCfg = Release|Any CPU
		{BA2CE087-C525-4C4C-B7B7-0E3D0E8D83EF}.Release|Any CPU.Build.0 = Release|Any CPU
	EndGlobalSection
	GlobalSection(SolutionProperties) = preSolution
		HideSolutionNode = FALSE
	EndGlobalSection
	GlobalSection(NestedProjects) = preSolution
		{DF29CAC7-4330-442A-8B37-6F3E54CAFC33} = {B3554D83-B2A2-4708-8838-73D0B562745E}
		{8CB29700-4D76-41CB-817F-A27C2604F086} = {CB9D2498-351D-4924-BDB1-59682F0DC9B5}
		{B87E209D-D9B8-49C8-8201-D6BD4C20D67D} = {DF29CAC7-4330-442A-8B37-6F3E54CAFC33}
		{C7C09516-9035-4C01-8262-EC09F293E18F} = {DF29CAC7-4330-442A-8B37-6F3E54CAFC33}
		{8A7F3EF4-01B1-497E-A52A-F5405F8D451A} = {DF29CAC7-4330-442A-8B37-6F3E54CAFC33}
		{7C0F2013-05F7-48DF-9644-03A913208F94} = {B3554D83-B2A2-4708-8838-73D0B562745E}
		{38AB0228-2AB3-4E38-A20B-0B14AF9A3CBF} = {8CB29700-4D76-41CB-817F-A27C2604F086}
		{9A432AA6-B310-4758-AF0C-7DDF33F4CA70} = {8CB29700-4D76-41CB-817F-A27C2604F086}
		{27258B7D-C641-4FC5-B2A5-02F8D582D7D2} = {8CB29700-4D76-41CB-817F-A27C2604F086}
		{98F44E25-1841-4027-A3EC-1B81A2DD0FA7} = {CB9D2498-351D-4924-BDB1-59682F0DC9B5}
		{BA2CE087-C525-4C4C-B7B7-0E3D0E8D83EF} = {55B3E4F2-6E23-4DBB-84E3-0630E32FFDBA}
	EndGlobalSection
	GlobalSection(ExtensibilityGlobals) = postSolution
		SolutionGuid = {B7B7E014-995C-495C-9057-C5AD746DD013}
	EndGlobalSection
EndGlobal
